// !$*UTF8*$!
{
	archiveVersion = 1;
	classes = {
	};
	objectVersion = 50;
	objects = {

/* Begin PBXBuildFile section */
		D725779D248B4518000B31A1 /* AppDelegate.swift in Sources */ = {isa = PBXBuildFile; fileRef = D725779C248B4518000B31A1 /* AppDelegate.swift */; };
		D725779F248B4518000B31A1 /* SceneDelegate.swift in Sources */ = {isa = PBXBuildFile; fileRef = D725779E248B4518000B31A1 /* SceneDelegate.swift */; };
		D72577A1248B4518000B31A1 /* ViewController.swift in Sources */ = {isa = PBXBuildFile; fileRef = D72577A0248B4518000B31A1 /* ViewController.swift */; };
		D72577A4248B4518000B31A1 /* Main.storyboard in Resources */ = {isa = PBXBuildFile; fileRef = D72577A2248B4518000B31A1 /* Main.storyboard */; };
		D72577A6248B451E000B31A1 /* Assets.xcassets in Resources */ = {isa = PBXBuildFile; fileRef = D72577A5248B451E000B31A1 /* Assets.xcassets */; };
		D72577A9248B451E000B31A1 /* LaunchScreen.storyboard in Resources */ = {isa = PBXBuildFile; fileRef = D72577A7248B451E000B31A1 /* LaunchScreen.storyboard */; };
		D72577B4248B457F000B31A1 /* BullsEyeGame.swift in Sources */ = {isa = PBXBuildFile; fileRef = D72577B3248B457F000B31A1 /* BullsEyeGame.swift */; };
/* End PBXBuildFile section */

/* Begin PBXFileReference section */
		D7257799248B4518000B31A1 /* RevBullsEye.app */ = {isa = PBXFileReference; explicitFileType = wrapper.application; includeInIndex = 0; path = RevBullsEye.app; sourceTree = BUILT_PRODUCTS_DIR; };
		D725779C248B4518000B31A1 /* AppDelegate.swift */ = {isa = PBXFileReference; lastKnownFileType = sourcecode.swift; path = AppDelegate.swift; sourceTree = "<group>"; };
		D725779E248B4518000B31A1 /* SceneDelegate.swift */ = {isa = PBXFileReference; lastKnownFileType = sourcecode.swift; path = SceneDelegate.swift; sourceTree = "<group>"; };
		D72577A0248B4518000B31A1 /* ViewController.swift */ = {isa = PBXFileReference; lastKnownFileType = sourcecode.swift; path = ViewController.swift; sourceTree = "<group>"; };
		D72577A3248B4518000B31A1 /* Base */ = {isa = PBXFileReference; lastKnownFileType = file.storyboard; name = Base; path = Base.lproj/Main.storyboard; sourceTree = "<group>"; };
		D72577A5248B451E000B31A1 /* Assets.xcassets */ = {isa = PBXFileReference; lastKnownFileType = folder.assetcatalog; path = Assets.xcassets; sourceTree = "<group>"; };
		D72577A8248B451E000B31A1 /* Base */ = {isa = PBXFileReference; lastKnownFileType = file.storyboard; name = Base; path = Base.lproj/LaunchScreen.storyboard; sourceTree = "<group>"; };
		D72577AA248B451E000B31A1 /* Info.plist */ = {isa = PBXFileReference; lastKnownFileType = text.plist.xml; path = Info.plist; sourceTree = "<group>"; };
		D72577B3248B457F000B31A1 /* BullsEyeGame.swift */ = {isa = PBXFileReference; lastKnownFileType = sourcecode.swift; path = BullsEyeGame.swift; sourceTree = "<group>"; };
/* End PBXFileReference section */

/* Begin PBXFrameworksBuildPhase section */
		D7257796248B4518000B31A1 /* Frameworks */ = {
			isa = PBXFrameworksBuildPhase;
			buildActionMask = 2147483647;
			files = (
			);
			runOnlyForDeploymentPostprocessing = 0;
		};
/* End PBXFrameworksBuildPhase section */

/* Begin PBXGroup section */
		D7257790248B4518000B31A1 = {
			isa = PBXGroup;
			children = (
				D725779B248B4518000B31A1 /* RevBullsEye */,
				D725779A248B4518000B31A1 /* Products */,
			);
			sourceTree = "<group>";
		};
		D725779A248B4518000B31A1 /* Products */ = {
			isa = PBXGroup;
			children = (
				D7257799248B4518000B31A1 /* RevBullsEye.app */,
			);
			name = Products;
			sourceTree = "<group>";
		};
		D725779B248B4518000B31A1 /* RevBullsEye */ = {
			isa = PBXGroup;
			children = (
				D72577B1248B453B000B31A1 /* Model */,
				D72577B0248B4533000B31A1 /* ViewController */,
				D725779C248B4518000B31A1 /* AppDelegate.swift */,
				D725779E248B4518000B31A1 /* SceneDelegate.swift */,
				D72577A2248B4518000B31A1 /* Main.storyboard */,
				D72577A5248B451E000B31A1 /* Assets.xcassets */,
				D72577A7248B451E000B31A1 /* LaunchScreen.storyboard */,
				D72577AA248B451E000B31A1 /* Info.plist */,
			);
			path = RevBullsEye;
			sourceTree = "<group>";
		};
		D72577B0248B4533000B31A1 /* ViewController */ = {
			isa = PBXGroup;
			children = (
				D72577A0248B4518000B31A1 /* ViewController.swift */,
			);
			path = ViewController;
			sourceTree = "<group>";
		};
		D72577B1248B453B000B31A1 /* Model */ = {
			isa = PBXGroup;
			children = (
				D72577B3248B457F000B31A1 /* BullsEyeGame.swift */,
			);
			path = Model;
			sourceTree = "<group>";
		};
/* End PBXGroup section */

/* Begin PBXNativeTarget section */
		D7257798248B4518000B31A1 /* RevBullsEye */ = {
			isa = PBXNativeTarget;
			buildConfigurationList = D72577AD248B451E000B31A1 /* Build configuration list for PBXNativeTarget "RevBullsEye" */;
			buildPhases = (
				D7257795248B4518000B31A1 /* Sources */,
				D7257796248B4518000B31A1 /* Frameworks */,
				D7257797248B4518000B31A1 /* Resources */,
			);
			buildRules = (
			);
			dependencies = (
			);
			name = RevBullsEye;
			productName = RevBullsEye;
			productReference = D7257799248B4518000B31A1 /* RevBullsEye.app */;
			productType = "com.apple.product-type.application";
		};
/* End PBXNativeTarget section */

/* Begin PBXProject section */
		D7257791248B4518000B31A1 /* Project object */ = {
			isa = PBXProject;
			attributes = {
				LastSwiftUpdateCheck = 1150;
				LastUpgradeCheck = 1150;
				ORGANIZATIONNAME = cyndichin;
				TargetAttributes = {
					D7257798248B4518000B31A1 = {
						CreatedOnToolsVersion = 11.5;
					};
				};
			};
			buildConfigurationList = D7257794248B4518000B31A1 /* Build configuration list for PBXProject "RevBullsEye" */;
			compatibilityVersion = "Xcode 9.3";
			developmentRegion = en;
			hasScannedForEncodings = 0;
			knownRegions = (
				en,
				Base,
			);
			mainGroup = D7257790248B4518000B31A1;
			productRefGroup = D725779A248B4518000B31A1 /* Products */;
			projectDirPath = "";
			projectRoot = "";
			targets = (
				D7257798248B4518000B31A1 /* RevBullsEye */,
			);
		};
/* End PBXProject section */

/* Begin PBXResourcesBuildPhase section */
		D7257797248B4518000B31A1 /* Resources */ = {
			isa = PBXResourcesBuildPhase;
			buildActionMask = 2147483647;
			files = (
				D72577A9248B451E000B31A1 /* LaunchScreen.storyboard in Resources */,
				D72577A6248B451E000B31A1 /* Assets.xcassets in Resources */,
				D72577A4248B4518000B31A1 /* Main.storyboard in Resources */,
			);
			runOnlyForDeploymentPostprocessing = 0;
		};
/* End PBXResourcesBuildPhase section */

/* Begin PBXSourcesBuildPhase section */
		D7257795248B4518000B31A1 /* Sources */ = {
			isa = PBXSourcesBuildPhase;
			buildActionMask = 2147483647;
			files = (
				D72577B4248B457F000B31A1 /* BullsEyeGame.swift in Sources */,
				D72577A1248B4518000B31A1 /* ViewController.swift in Sources */,
				D725779D248B4518000B31A1 /* AppDelegate.swift in Sources */,
				D725779F248B4518000B31A1 /* SceneDelegate.swift in Sources */,
			);
			runOnlyForDeploymentPostprocessing = 0;
		};
/* End PBXSourcesBuildPhase section */

/* Begin PBXVariantGroup section */
		D72577A2248B4518000B31A1 /* Main.storyboard */ = {
			isa = PBXVariantGroup;
			children = (
				D72577A3248B4518000B31A1 /* Base */,
			);
			name = Main.storyboard;
			sourceTree = "<group>";
		};
		D72577A7248B451E000B31A1 /* LaunchScreen.storyboard */ = {
			isa = PBXVariantGroup;
			children = (
				D72577A8248B451E000B31A1 /* Base */,
			);
			name = LaunchScreen.storyboard;
			sourceTree = "<group>";
		};
/* End PBXVariantGroup section */

/* Begin XCBuildConfiguration section */
		D72577AB248B451E000B31A1 /* Debug */ = {
			isa = XCBuildConfiguration;
			buildSettings = {
				ALWAYS_SEARCH_USER_PATHS = NO;
				CLANG_ANALYZER_NONNULL = YES;
				CLANG_ANALYZER_NUMBER_OBJECT_CONVERSION = YES_AGGRESSIVE;
				CLANG_CXX_LANGUAGE_STANDARD = "gnu++14";
				CLANG_CXX_LIBRARY = "libc++";
				CLANG_ENABLE_MODULES = YES;
				CLANG_ENABLE_OBJC_ARC = YES;
				CLANG_ENABLE_OBJC_WEAK = YES;
				CLANG_WARN_BLOCK_CAPTURE_AUTORELEASING = YES;
				CLANG_WARN_BOOL_CONVERSION = YES;
				CLANG_WARN_COMMA = YES;
				CLANG_WARN_CONSTANT_CONVERSION = YES;
				CLANG_WARN_DEPRECATED_OBJC_IMPLEMENTATIONS = YES;
				CLANG_WARN_DIRECT_OBJC_ISA_USAGE = YES_ERROR;
				CLANG_WARN_DOCUMENTATION_COMMENTS = YES;
				CLANG_WARN_EMPTY_BODY = YES;
				CLANG_WARN_ENUM_CONVERSION = YES;
				CLANG_WARN_INFINITE_RECURSION = YES;
				CLANG_WARN_INT_CONVERSION = YES;
				CLANG_WARN_NON_LITERAL_NULL_CONVERSION = YES;
				CLANG_WARN_OBJC_IMPLICIT_RETAIN_SELF = YES;
				CLANG_WARN_OBJC_LITERAL_CONVERSION = YES;
				CLANG_WARN_OBJC_ROOT_CLASS = YES_ERROR;
				CLANG_WARN_RANGE_LOOP_ANALYSIS = YES;
				CLANG_WARN_STRICT_PROTOTYPES = YES;
				CLANG_WARN_SUSPICIOUS_MOVE = YES;
				CLANG_WARN_UNGUARDED_AVAILABILITY = YES_AGGRESSIVE;
				CLANG_WARN_UNREACHABLE_CODE = YES;
				CLANG_WARN__DUPLICATE_METHOD_MATCH = YES;
				COPY_PHASE_STRIP = NO;
				DEBUG_INFORMATION_FORMAT = dwarf;
				ENABLE_STRICT_OBJC_MSGSEND = YES;
				ENABLE_TESTABILITY = YES;
				GCC_C_LANGUAGE_STANDARD = gnu11;
				GCC_DYNAMIC_NO_PIC = NO;
				GCC_NO_COMMON_BLOCKS = YES;
				GCC_OPTIMIZATION_LEVEL = 0;
				GCC_PREPROCESSOR_DEFINITIONS = (
					"DEBUG=1",
					"$(inherited)",
				);
				GCC_WARN_64_TO_32_BIT_CONVERSION = YES;
				GCC_WARN_ABOUT_RETURN_TYPE = YES_ERROR;
				GCC_WARN_UNDECLARED_SELECTOR = YES;
				GCC_WARN_UNINITIALIZED_AUTOS = YES_AGGRESSIVE;
				GCC_WARN_UNUSED_FUNCTION = YES;
				GCC_WARN_UNUSED_VARIABLE = YES;
				IPHONEOS_DEPLOYMENT_TARGET = 13.5;
				MTL_ENABLE_DEBUG_INFO = INCLUDE_SOURCE;
				MTL_FAST_MATH = YES;
				ONLY_ACTIVE_ARCH = YES;
				SDKROOT = iphoneos;
				SWIFT_ACTIVE_COMPILATION_CONDITIONS = DEBUG;
				SWIFT_OPTIMIZATION_LEVEL = "-Onone";
			};
			name = Debug;
		};
		D72577AC248B451E000B31A1 /* Release */ = {
			isa = XCBuildConfiguration;
			buildSettings = {
				ALWAYS_SEARCH_USER_PATHS = NO;
				CLANG_ANALYZER_NONNULL = YES;
				CLANG_ANALYZER_NUMBER_OBJECT_CONVERSION = YES_AGGRESSIVE;
				CLANG_CXX_LANGUAGE_STANDARD = "gnu++14";
				CLANG_CXX_LIBRARY = "libc++";
				CLANG_ENABLE_MODULES = YES;
				CLANG_ENABLE_OBJC_ARC = YES;
				CLANG_ENABLE_OBJC_WEAK = YES;
				CLANG_WARN_BLOCK_CAPTURE_AUTORELEASING = YES;
				CLANG_WARN_BOOL_CONVERSION = YES;
				CLANG_WARN_COMMA = YES;
				CLANG_WARN_CONSTANT_CONVERSION = YES;
				CLANG_WARN_DEPRECATED_OBJC_IMPLEMENTATIONS = YES;
				CLANG_WARN_DIRECT_OBJC_ISA_USAGE = YES_ERROR;
				CLANG_WARN_DOCUMENTATION_COMMENTS = YES;
				CLANG_WARN_EMPTY_BODY = YES;
				CLANG_WARN_ENUM_CONVERSION = YES;
				CLANG_WARN_INFINITE_RECURSION = YES;
				CLANG_WARN_INT_CONVERSION = YES;
				CLANG_WARN_NON_LITERAL_NULL_CONVERSION = YES;
				CLANG_WARN_OBJC_IMPLICIT_RETAIN_SELF = YES;
				CLANG_WARN_OBJC_LITERAL_CONVERSION = YES;
				CLANG_WARN_OBJC_ROOT_CLASS = YES_ERROR;
				CLANG_WARN_RANGE_LOOP_ANALYSIS = YES;
				CLANG_WARN_STRICT_PROTOTYPES = YES;
				CLANG_WARN_SUSPICIOUS_MOVE = YES;
				CLANG_WARN_UNGUARDED_AVAILABILITY = YES_AGGRESSIVE;
				CLANG_WARN_UNREACHABLE_CODE = YES;
				CLANG_WARN__DUPLICATE_METHOD_MATCH = YES;
				COPY_PHASE_STRIP = NO;
				DEBUG_INFORMATION_FORMAT = "dwarf-with-dsym";
				ENABLE_NS_ASSERTIONS = NO;
				ENABLE_STRICT_OBJC_MSGSEND = YES;
				GCC_C_LANGUAGE_STANDARD = gnu11;
				GCC_NO_COMMON_BLOCKS = YES;
				GCC_WARN_64_TO_32_BIT_CONVERSION = YES;
				GCC_WARN_ABOUT_RETURN_TYPE = YES_ERROR;
				GCC_WARN_UNDECLARED_SELECTOR = YES;
				GCC_WARN_UNINITIALIZED_AUTOS = YES_AGGRESSIVE;
				GCC_WARN_UNUSED_FUNCTION = YES;
				GCC_WARN_UNUSED_VARIABLE = YES;
				IPHONEOS_DEPLOYMENT_TARGET = 13.5;
				MTL_ENABLE_DEBUG_INFO = NO;
				MTL_FAST_MATH = YES;
				SDKROOT = iphoneos;
				SWIFT_COMPILATION_MODE = wholemodule;
				SWIFT_OPTIMIZATION_LEVEL = "-O";
				VALIDATE_PRODUCT = YES;
			};
			name = Release;
		};
		D72577AE248B451E000B31A1 /* Debug */ = {
			isa = XCBuildConfiguration;
			buildSettings = {
				ASSETCATALOG_COMPILER_APPICON_NAME = AppIcon;
				CODE_SIGN_STYLE = Automatic;
				DEVELOPMENT_TEAM = SVBG9WTA7B;
				INFOPLIST_FILE = RevBullsEye/Info.plist;
				LD_RUNPATH_SEARCH_PATHS = (
					"$(inherited)",
					"@executable_path/Frameworks",
				);
				PRODUCT_BUNDLE_IDENTIFIER = com.cyndichin.RevBullsEye;
				PRODUCT_NAME = "$(TARGET_NAME)";
				SWIFT_VERSION = 5.0;
				TARGETED_DEVICE_FAMILY = "1,2";
			};
			name = Debug;
		};
		D72577AF248B451E000B31A1 /* Release */ = {
			isa = XCBuildConfiguration;
			buildSettings = {
				ASSETCATALOG_COMPILER_APPICON_NAME = AppIcon;
				CODE_SIGN_STYLE = Automatic;
				DEVELOPMENT_TEAM = SVBG9WTA7B;
				INFOPLIST_FILE = RevBullsEye/Info.plist;
				LD_RUNPATH_SEARCH_PATHS = (
					"$(inherited)",
					"@executable_path/Frameworks",
				);
				PRODUCT_BUNDLE_IDENTIFIER = com.cyndichin.RevBullsEye;
				PRODUCT_NAME = "$(TARGET_NAME)";
				SWIFT_VERSION = 5.0;
				TARGETED_DEVICE_FAMILY = "1,2";
			};
			name = Release;
		};
/* End XCBuildConfiguration section */

/* Begin XCConfigurationList section */
		D7257794248B4518000B31A1 /* Build configuration list for PBXProject "RevBullsEye" */ = {
			isa = XCConfigurationList;
			buildConfigurations = (
				D72577AB248B451E000B31A1 /* Debug */,
				D72577AC248B451E000B31A1 /* Release */,
			);
			defaultConfigurationIsVisible = 0;
			defaultConfigurationName = Release;
		};
		D72577AD248B451E000B31A1 /* Build configuration list for PBXNativeTarget "RevBullsEye" */ = {
			isa = XCConfigurationList;
			buildConfigurations = (
				D72577AE248B451E000B31A1 /* Debug */,
				D72577AF248B451E000B31A1 /* Release */,
			);
			defaultConfigurationIsVisible = 0;
			defaultConfigurationName = Release;
		};
/* End XCConfigurationList section */
	};
	rootObject = D7257791248B4518000B31A1 /* Project object */;
}
