// !$*UTF8*$!
{
	archiveVersion = 1;
	classes = {
	};
	objectVersion = 50;
	objects = {

/* Begin PBXBuildFile section */
		D75AB07C24B54FDC00264FE6 /* AppDelegate.swift in Sources */ = {isa = PBXBuildFile; fileRef = D75AB07B24B54FDC00264FE6 /* AppDelegate.swift */; };
		D75AB07E24B54FDC00264FE6 /* SceneDelegate.swift in Sources */ = {isa = PBXBuildFile; fileRef = D75AB07D24B54FDC00264FE6 /* SceneDelegate.swift */; };
		D75AB08024B54FDC00264FE6 /* ContentView.swift in Sources */ = {isa = PBXBuildFile; fileRef = D75AB07F24B54FDC00264FE6 /* ContentView.swift */; };
		D75AB08224B54FE000264FE6 /* Assets.xcassets in Resources */ = {isa = PBXBuildFile; fileRef = D75AB08124B54FE000264FE6 /* Assets.xcassets */; };
		D75AB08524B54FE000264FE6 /* Preview Assets.xcassets in Resources */ = {isa = PBXBuildFile; fileRef = D75AB08424B54FE000264FE6 /* Preview Assets.xcassets */; };
		D75AB08824B54FE000264FE6 /* LaunchScreen.storyboard in Resources */ = {isa = PBXBuildFile; fileRef = D75AB08624B54FE000264FE6 /* LaunchScreen.storyboard */; };
		D785B45E24B7450B00BD97A0 /* AboutView.swift in Sources */ = {isa = PBXBuildFile; fileRef = D785B45D24B7450B00BD97A0 /* AboutView.swift */; };
/* End PBXBuildFile section */

/* Begin PBXFileReference section */
		D75AB07824B54FDC00264FE6 /* BullseyeSwiftUI.app */ = {isa = PBXFileReference; explicitFileType = wrapper.application; includeInIndex = 0; path = BullseyeSwiftUI.app; sourceTree = BUILT_PRODUCTS_DIR; };
		D75AB07B24B54FDC00264FE6 /* AppDelegate.swift */ = {isa = PBXFileReference; lastKnownFileType = sourcecode.swift; path = AppDelegate.swift; sourceTree = "<group>"; };
		D75AB07D24B54FDC00264FE6 /* SceneDelegate.swift */ = {isa = PBXFileReference; lastKnownFileType = sourcecode.swift; path = SceneDelegate.swift; sourceTree = "<group>"; };
		D75AB07F24B54FDC00264FE6 /* ContentView.swift */ = {isa = PBXFileReference; lastKnownFileType = sourcecode.swift; path = ContentView.swift; sourceTree = "<group>"; };
		D75AB08124B54FE000264FE6 /* Assets.xcassets */ = {isa = PBXFileReference; lastKnownFileType = folder.assetcatalog; path = Assets.xcassets; sourceTree = "<group>"; };
		D75AB08424B54FE000264FE6 /* Preview Assets.xcassets */ = {isa = PBXFileReference; lastKnownFileType = folder.assetcatalog; path = "Preview Assets.xcassets"; sourceTree = "<group>"; };
		D75AB08724B54FE000264FE6 /* Base */ = {isa = PBXFileReference; lastKnownFileType = file.storyboard; name = Base; path = Base.lproj/LaunchScreen.storyboard; sourceTree = "<group>"; };
		D75AB08924B54FE000264FE6 /* Info.plist */ = {isa = PBXFileReference; lastKnownFileType = text.plist.xml; path = Info.plist; sourceTree = "<group>"; };
		D785B45D24B7450B00BD97A0 /* AboutView.swift */ = {isa = PBXFileReference; lastKnownFileType = sourcecode.swift; path = AboutView.swift; sourceTree = "<group>"; };
/* End PBXFileReference section */

/* Begin PBXFrameworksBuildPhase section */
		D75AB07524B54FDC00264FE6 /* Frameworks */ = {
			isa = PBXFrameworksBuildPhase;
			buildActionMask = 2147483647;
			files = (
			);
			runOnlyForDeploymentPostprocessing = 0;
		};
/* End PBXFrameworksBuildPhase section */

/* Begin PBXGroup section */
		D75AB06F24B54FDC00264FE6 = {
			isa = PBXGroup;
			children = (
				D75AB07A24B54FDC00264FE6 /* BullseyeSwiftUI */,
				D75AB07924B54FDC00264FE6 /* Products */,
			);
			sourceTree = "<group>";
		};
		D75AB07924B54FDC00264FE6 /* Products */ = {
			isa = PBXGroup;
			children = (
				D75AB07824B54FDC00264FE6 /* BullseyeSwiftUI.app */,
			);
			name = Products;
			sourceTree = "<group>";
		};
		D75AB07A24B54FDC00264FE6 /* BullseyeSwiftUI */ = {
			isa = PBXGroup;
			children = (
				D75AB07B24B54FDC00264FE6 /* AppDelegate.swift */,
				D75AB07D24B54FDC00264FE6 /* SceneDelegate.swift */,
				D75AB07F24B54FDC00264FE6 /* ContentView.swift */,
				D785B45D24B7450B00BD97A0 /* AboutView.swift */,
				D75AB08124B54FE000264FE6 /* Assets.xcassets */,
				D75AB08624B54FE000264FE6 /* LaunchScreen.storyboard */,
				D75AB08924B54FE000264FE6 /* Info.plist */,
				D75AB08324B54FE000264FE6 /* Preview Content */,
			);
			path = BullseyeSwiftUI;
			sourceTree = "<group>";
		};
		D75AB08324B54FE000264FE6 /* Preview Content */ = {
			isa = PBXGroup;
			children = (
				D75AB08424B54FE000264FE6 /* Preview Assets.xcassets */,
			);
			path = "Preview Content";
			sourceTree = "<group>";
		};
/* End PBXGroup section */

/* Begin PBXNativeTarget section */
		D75AB07724B54FDC00264FE6 /* BullseyeSwiftUI */ = {
			isa = PBXNativeTarget;
			buildConfigurationList = D75AB08C24B54FE000264FE6 /* Build configuration list for PBXNativeTarget "BullseyeSwiftUI" */;
			buildPhases = (
				D75AB07424B54FDC00264FE6 /* Sources */,
				D75AB07524B54FDC00264FE6 /* Frameworks */,
				D75AB07624B54FDC00264FE6 /* Resources */,
			);
			buildRules = (
			);
			dependencies = (
			);
			name = BullseyeSwiftUI;
			productName = BullseyeSwiftUI;
			productReference = D75AB07824B54FDC00264FE6 /* BullseyeSwiftUI.app */;
			productType = "com.apple.product-type.application";
		};
/* End PBXNativeTarget section */

/* Begin PBXProject section */
		D75AB07024B54FDC00264FE6 /* Project object */ = {
			isa = PBXProject;
			attributes = {
				LastSwiftUpdateCheck = 1150;
				LastUpgradeCheck = 1150;
				ORGANIZATIONNAME = cyndichin;
				TargetAttributes = {
					D75AB07724B54FDC00264FE6 = {
						CreatedOnToolsVersion = 11.5;
					};
				};
			};
			buildConfigurationList = D75AB07324B54FDC00264FE6 /* Build configuration list for PBXProject "BullseyeSwiftUI" */;
			compatibilityVersion = "Xcode 9.3";
			developmentRegion = en;
			hasScannedForEncodings = 0;
			knownRegions = (
				en,
				Base,
			);
			mainGroup = D75AB06F24B54FDC00264FE6;
			productRefGroup = D75AB07924B54FDC00264FE6 /* Products */;
			projectDirPath = "";
			projectRoot = "";
			targets = (
				D75AB07724B54FDC00264FE6 /* BullseyeSwiftUI */,
			);
		};
/* End PBXProject section */

/* Begin PBXResourcesBuildPhase section */
		D75AB07624B54FDC00264FE6 /* Resources */ = {
			isa = PBXResourcesBuildPhase;
			buildActionMask = 2147483647;
			files = (
				D75AB08824B54FE000264FE6 /* LaunchScreen.storyboard in Resources */,
				D75AB08524B54FE000264FE6 /* Preview Assets.xcassets in Resources */,
				D75AB08224B54FE000264FE6 /* Assets.xcassets in Resources */,
			);
			runOnlyForDeploymentPostprocessing = 0;
		};
/* End PBXResourcesBuildPhase section */

/* Begin PBXSourcesBuildPhase section */
		D75AB07424B54FDC00264FE6 /* Sources */ = {
			isa = PBXSourcesBuildPhase;
			buildActionMask = 2147483647;
			files = (
				D785B45E24B7450B00BD97A0 /* AboutView.swift in Sources */,
				D75AB07C24B54FDC00264FE6 /* AppDelegate.swift in Sources */,
				D75AB07E24B54FDC00264FE6 /* SceneDelegate.swift in Sources */,
				D75AB08024B54FDC00264FE6 /* ContentView.swift in Sources */,
			);
			runOnlyForDeploymentPostprocessing = 0;
		};
/* End PBXSourcesBuildPhase section */

/* Begin PBXVariantGroup section */
		D75AB08624B54FE000264FE6 /* LaunchScreen.storyboard */ = {
			isa = PBXVariantGroup;
			children = (
				D75AB08724B54FE000264FE6 /* Base */,
			);
			name = LaunchScreen.storyboard;
			sourceTree = "<group>";
		};
/* End PBXVariantGroup section */

/* Begin XCBuildConfiguration section */
		D75AB08A24B54FE000264FE6 /* Debug */ = {
			isa = XCBuildConfiguration;
			buildSettings = {
				ALWAYS_SEARCH_USER_PATHS = NO;
				CLANG_ANALYZER_NONNULL = YES;
				CLANG_ANALYZER_NUMBER_OBJECT_CONVERSION = YES_AGGRESSIVE;
				CLANG_CXX_LANGUAGE_STANDARD = "gnu++14";
				CLANG_CXX_LIBRARY = "libc++";
				CLANG_ENABLE_MODULES = YES;
				CLANG_ENABLE_OBJC_ARC = YES;
				CLANG_ENABLE_OBJC_WEAK = YES;
				CLANG_WARN_BLOCK_CAPTURE_AUTORELEASING = YES;
				CLANG_WARN_BOOL_CONVERSION = YES;
				CLANG_WARN_COMMA = YES;
				CLANG_WARN_CONSTANT_CONVERSION = YES;
				CLANG_WARN_DEPRECATED_OBJC_IMPLEMENTATIONS = YES;
				CLANG_WARN_DIRECT_OBJC_ISA_USAGE = YES_ERROR;
				CLANG_WARN_DOCUMENTATION_COMMENTS = YES;
				CLANG_WARN_EMPTY_BODY = YES;
				CLANG_WARN_ENUM_CONVERSION = YES;
				CLANG_WARN_INFINITE_RECURSION = YES;
				CLANG_WARN_INT_CONVERSION = YES;
				CLANG_WARN_NON_LITERAL_NULL_CONVERSION = YES;
				CLANG_WARN_OBJC_IMPLICIT_RETAIN_SELF = YES;
				CLANG_WARN_OBJC_LITERAL_CONVERSION = YES;
				CLANG_WARN_OBJC_ROOT_CLASS = YES_ERROR;
				CLANG_WARN_RANGE_LOOP_ANALYSIS = YES;
				CLANG_WARN_STRICT_PROTOTYPES = YES;
				CLANG_WARN_SUSPICIOUS_MOVE = YES;
				CLANG_WARN_UNGUARDED_AVAILABILITY = YES_AGGRESSIVE;
				CLANG_WARN_UNREACHABLE_CODE = YES;
				CLANG_WARN__DUPLICATE_METHOD_MATCH = YES;
				COPY_PHASE_STRIP = NO;
				DEBUG_INFORMATION_FORMAT = dwarf;
				ENABLE_STRICT_OBJC_MSGSEND = YES;
				ENABLE_TESTABILITY = YES;
				GCC_C_LANGUAGE_STANDARD = gnu11;
				GCC_DYNAMIC_NO_PIC = NO;
				GCC_NO_COMMON_BLOCKS = YES;
				GCC_OPTIMIZATION_LEVEL = 0;
				GCC_PREPROCESSOR_DEFINITIONS = (
					"DEBUG=1",
					"$(inherited)",
				);
				GCC_WARN_64_TO_32_BIT_CONVERSION = YES;
				GCC_WARN_ABOUT_RETURN_TYPE = YES_ERROR;
				GCC_WARN_UNDECLARED_SELECTOR = YES;
				GCC_WARN_UNINITIALIZED_AUTOS = YES_AGGRESSIVE;
				GCC_WARN_UNUSED_FUNCTION = YES;
				GCC_WARN_UNUSED_VARIABLE = YES;
				IPHONEOS_DEPLOYMENT_TARGET = 13.5;
				MTL_ENABLE_DEBUG_INFO = INCLUDE_SOURCE;
				MTL_FAST_MATH = YES;
				ONLY_ACTIVE_ARCH = YES;
				SDKROOT = iphoneos;
				SWIFT_ACTIVE_COMPILATION_CONDITIONS = DEBUG;
				SWIFT_OPTIMIZATION_LEVEL = "-Onone";
			};
			name = Debug;
		};
		D75AB08B24B54FE000264FE6 /* Release */ = {
			isa = XCBuildConfiguration;
			buildSettings = {
				ALWAYS_SEARCH_USER_PATHS = NO;
				CLANG_ANALYZER_NONNULL = YES;
				CLANG_ANALYZER_NUMBER_OBJECT_CONVERSION = YES_AGGRESSIVE;
				CLANG_CXX_LANGUAGE_STANDARD = "gnu++14";
				CLANG_CXX_LIBRARY = "libc++";
				CLANG_ENABLE_MODULES = YES;
				CLANG_ENABLE_OBJC_ARC = YES;
				CLANG_ENABLE_OBJC_WEAK = YES;
				CLANG_WARN_BLOCK_CAPTURE_AUTORELEASING = YES;
				CLANG_WARN_BOOL_CONVERSION = YES;
				CLANG_WARN_COMMA = YES;
				CLANG_WARN_CONSTANT_CONVERSION = YES;
				CLANG_WARN_DEPRECATED_OBJC_IMPLEMENTATIONS = YES;
				CLANG_WARN_DIRECT_OBJC_ISA_USAGE = YES_ERROR;
				CLANG_WARN_DOCUMENTATION_COMMENTS = YES;
				CLANG_WARN_EMPTY_BODY = YES;
				CLANG_WARN_ENUM_CONVERSION = YES;
				CLANG_WARN_INFINITE_RECURSION = YES;
				CLANG_WARN_INT_CONVERSION = YES;
				CLANG_WARN_NON_LITERAL_NULL_CONVERSION = YES;
				CLANG_WARN_OBJC_IMPLICIT_RETAIN_SELF = YES;
				CLANG_WARN_OBJC_LITERAL_CONVERSION = YES;
				CLANG_WARN_OBJC_ROOT_CLASS = YES_ERROR;
				CLANG_WARN_RANGE_LOOP_ANALYSIS = YES;
				CLANG_WARN_STRICT_PROTOTYPES = YES;
				CLANG_WARN_SUSPICIOUS_MOVE = YES;
				CLANG_WARN_UNGUARDED_AVAILABILITY = YES_AGGRESSIVE;
				CLANG_WARN_UNREACHABLE_CODE = YES;
				CLANG_WARN__DUPLICATE_METHOD_MATCH = YES;
				COPY_PHASE_STRIP = NO;
				DEBUG_INFORMATION_FORMAT = "dwarf-with-dsym";
				ENABLE_NS_ASSERTIONS = NO;
				ENABLE_STRICT_OBJC_MSGSEND = YES;
				GCC_C_LANGUAGE_STANDARD = gnu11;
				GCC_NO_COMMON_BLOCKS = YES;
				GCC_WARN_64_TO_32_BIT_CONVERSION = YES;
				GCC_WARN_ABOUT_RETURN_TYPE = YES_ERROR;
				GCC_WARN_UNDECLARED_SELECTOR = YES;
				GCC_WARN_UNINITIALIZED_AUTOS = YES_AGGRESSIVE;
				GCC_WARN_UNUSED_FUNCTION = YES;
				GCC_WARN_UNUSED_VARIABLE = YES;
				IPHONEOS_DEPLOYMENT_TARGET = 13.5;
				MTL_ENABLE_DEBUG_INFO = NO;
				MTL_FAST_MATH = YES;
				SDKROOT = iphoneos;
				SWIFT_COMPILATION_MODE = wholemodule;
				SWIFT_OPTIMIZATION_LEVEL = "-O";
				VALIDATE_PRODUCT = YES;
			};
			name = Release;
		};
		D75AB08D24B54FE000264FE6 /* Debug */ = {
			isa = XCBuildConfiguration;
			buildSettings = {
				ASSETCATALOG_COMPILER_APPICON_NAME = AppIcon;
				CODE_SIGN_STYLE = Automatic;
				DEVELOPMENT_ASSET_PATHS = "\"BullseyeSwiftUI/Preview Content\"";
				DEVELOPMENT_TEAM = SVBG9WTA7B;
				ENABLE_PREVIEWS = YES;
				INFOPLIST_FILE = BullseyeSwiftUI/Info.plist;
				LD_RUNPATH_SEARCH_PATHS = (
					"$(inherited)",
					"@executable_path/Frameworks",
				);
				PRODUCT_BUNDLE_IDENTIFIER = com.cyndichin.BullseyeSwiftUI;
				PRODUCT_NAME = "$(TARGET_NAME)";
				SWIFT_VERSION = 5.0;
				TARGETED_DEVICE_FAMILY = "1,2";
			};
			name = Debug;
		};
		D75AB08E24B54FE000264FE6 /* Release */ = {
			isa = XCBuildConfiguration;
			buildSettings = {
				ASSETCATALOG_COMPILER_APPICON_NAME = AppIcon;
				CODE_SIGN_STYLE = Automatic;
				DEVELOPMENT_ASSET_PATHS = "\"BullseyeSwiftUI/Preview Content\"";
				DEVELOPMENT_TEAM = SVBG9WTA7B;
				ENABLE_PREVIEWS = YES;
				INFOPLIST_FILE = BullseyeSwiftUI/Info.plist;
				LD_RUNPATH_SEARCH_PATHS = (
					"$(inherited)",
					"@executable_path/Frameworks",
				);
				PRODUCT_BUNDLE_IDENTIFIER = com.cyndichin.BullseyeSwiftUI;
				PRODUCT_NAME = "$(TARGET_NAME)";
				SWIFT_VERSION = 5.0;
				TARGETED_DEVICE_FAMILY = "1,2";
			};
			name = Release;
		};
/* End XCBuildConfiguration section */

/* Begin XCConfigurationList section */
		D75AB07324B54FDC00264FE6 /* Build configuration list for PBXProject "BullseyeSwiftUI" */ = {
			isa = XCConfigurationList;
			buildConfigurations = (
				D75AB08A24B54FE000264FE6 /* Debug */,
				D75AB08B24B54FE000264FE6 /* Release */,
			);
			defaultConfigurationIsVisible = 0;
			defaultConfigurationName = Release;
		};
		D75AB08C24B54FE000264FE6 /* Build configuration list for PBXNativeTarget "BullseyeSwiftUI" */ = {
			isa = XCConfigurationList;
			buildConfigurations = (
				D75AB08D24B54FE000264FE6 /* Debug */,
				D75AB08E24B54FE000264FE6 /* Release */,
			);
			defaultConfigurationIsVisible = 0;
			defaultConfigurationName = Release;
		};
/* End XCConfigurationList section */
	};
	rootObject = D75AB07024B54FDC00264FE6 /* Project object */;
}
