// !$*UTF8*$!
{
	archiveVersion = 1;
	classes = {
	};
	objectVersion = 50;
	objects = {

/* Begin PBXBuildFile section */
		D74E68CD247F60D5002C00E1 /* BullsEye.html in Resources */ = {isa = PBXBuildFile; fileRef = D74E68CC247F60D5002C00E1 /* BullsEye.html */; };
		D74E68D024807743002C00E1 /* WebKit.framework in Frameworks */ = {isa = PBXBuildFile; fileRef = D74E68CF24807743002C00E1 /* WebKit.framework */; };
		D7E149CE247DC0AA00824549 /* AppDelegate.swift in Sources */ = {isa = PBXBuildFile; fileRef = D7E149CD247DC0AA00824549 /* AppDelegate.swift */; };
		D7E149D0247DC0AA00824549 /* SceneDelegate.swift in Sources */ = {isa = PBXBuildFile; fileRef = D7E149CF247DC0AA00824549 /* SceneDelegate.swift */; };
		D7E149D2247DC0AA00824549 /* ViewController.swift in Sources */ = {isa = PBXBuildFile; fileRef = D7E149D1247DC0AA00824549 /* ViewController.swift */; };
		D7E149D5247DC0AA00824549 /* Main.storyboard in Resources */ = {isa = PBXBuildFile; fileRef = D7E149D3247DC0AA00824549 /* Main.storyboard */; };
		D7E149D7247DC0B200824549 /* Assets.xcassets in Resources */ = {isa = PBXBuildFile; fileRef = D7E149D6247DC0B200824549 /* Assets.xcassets */; };
		D7E149DA247DC0B200824549 /* LaunchScreen.storyboard in Resources */ = {isa = PBXBuildFile; fileRef = D7E149D8247DC0B200824549 /* LaunchScreen.storyboard */; };
		D7E149E2247F502100824549 /* AboutViewController.swift in Sources */ = {isa = PBXBuildFile; fileRef = D7E149E1247F502100824549 /* AboutViewController.swift */; };
		D7E149E4247F513100824549 /* AboutAuthorViewController.swift in Sources */ = {isa = PBXBuildFile; fileRef = D7E149E3247F513100824549 /* AboutAuthorViewController.swift */; };
/* End PBXBuildFile section */

/* Begin PBXFileReference section */
		D74E68CC247F60D5002C00E1 /* BullsEye.html */ = {isa = PBXFileReference; fileEncoding = 4; lastKnownFileType = text.html; path = BullsEye.html; sourceTree = "<group>"; };
		D74E68CF24807743002C00E1 /* WebKit.framework */ = {isa = PBXFileReference; lastKnownFileType = wrapper.framework; name = WebKit.framework; path = System/Library/Frameworks/WebKit.framework; sourceTree = SDKROOT; };
		D7E149CA247DC0AA00824549 /* Bull's Eye.app */ = {isa = PBXFileReference; explicitFileType = wrapper.application; includeInIndex = 0; path = "Bull's Eye.app"; sourceTree = BUILT_PRODUCTS_DIR; };
		D7E149CD247DC0AA00824549 /* AppDelegate.swift */ = {isa = PBXFileReference; lastKnownFileType = sourcecode.swift; path = AppDelegate.swift; sourceTree = "<group>"; };
		D7E149CF247DC0AA00824549 /* SceneDelegate.swift */ = {isa = PBXFileReference; lastKnownFileType = sourcecode.swift; path = SceneDelegate.swift; sourceTree = "<group>"; };
		D7E149D1247DC0AA00824549 /* ViewController.swift */ = {isa = PBXFileReference; lastKnownFileType = sourcecode.swift; path = ViewController.swift; sourceTree = "<group>"; };
		D7E149D4247DC0AA00824549 /* Base */ = {isa = PBXFileReference; lastKnownFileType = file.storyboard; name = Base; path = Base.lproj/Main.storyboard; sourceTree = "<group>"; };
		D7E149D6247DC0B200824549 /* Assets.xcassets */ = {isa = PBXFileReference; lastKnownFileType = folder.assetcatalog; path = Assets.xcassets; sourceTree = "<group>"; };
		D7E149D9247DC0B200824549 /* Base */ = {isa = PBXFileReference; lastKnownFileType = file.storyboard; name = Base; path = Base.lproj/LaunchScreen.storyboard; sourceTree = "<group>"; };
		D7E149DB247DC0B200824549 /* Info.plist */ = {isa = PBXFileReference; lastKnownFileType = text.plist.xml; path = Info.plist; sourceTree = "<group>"; };
		D7E149E1247F502100824549 /* AboutViewController.swift */ = {isa = PBXFileReference; lastKnownFileType = sourcecode.swift; path = AboutViewController.swift; sourceTree = "<group>"; };
		D7E149E3247F513100824549 /* AboutAuthorViewController.swift */ = {isa = PBXFileReference; lastKnownFileType = sourcecode.swift; path = AboutAuthorViewController.swift; sourceTree = "<group>"; };
/* End PBXFileReference section */

/* Begin PBXFrameworksBuildPhase section */
		D7E149C7247DC0AA00824549 /* Frameworks */ = {
			isa = PBXFrameworksBuildPhase;
			buildActionMask = 2147483647;
			files = (
				D74E68D024807743002C00E1 /* WebKit.framework in Frameworks */,
			);
			runOnlyForDeploymentPostprocessing = 0;
		};
/* End PBXFrameworksBuildPhase section */

/* Begin PBXGroup section */
		D74E68CE24807743002C00E1 /* Frameworks */ = {
			isa = PBXGroup;
			children = (
				D74E68CF24807743002C00E1 /* WebKit.framework */,
			);
			name = Frameworks;
			sourceTree = "<group>";
		};
		D7E149C1247DC0AA00824549 = {
			isa = PBXGroup;
			children = (
				D7E149CC247DC0AA00824549 /* BullsEye */,
				D7E149CB247DC0AA00824549 /* Products */,
				D74E68CE24807743002C00E1 /* Frameworks */,
			);
			sourceTree = "<group>";
		};
		D7E149CB247DC0AA00824549 /* Products */ = {
			isa = PBXGroup;
			children = (
				D7E149CA247DC0AA00824549 /* Bull's Eye.app */,
			);
			name = Products;
			sourceTree = "<group>";
		};
		D7E149CC247DC0AA00824549 /* BullsEye */ = {
			isa = PBXGroup;
			children = (
				D7E149CD247DC0AA00824549 /* AppDelegate.swift */,
				D7E149CF247DC0AA00824549 /* SceneDelegate.swift */,
				D7E149D1247DC0AA00824549 /* ViewController.swift */,
				D7E149D3247DC0AA00824549 /* Main.storyboard */,
				D7E149E3247F513100824549 /* AboutAuthorViewController.swift */,
				D7E149E1247F502100824549 /* AboutViewController.swift */,
				D7E149D6247DC0B200824549 /* Assets.xcassets */,
				D7E149D8247DC0B200824549 /* LaunchScreen.storyboard */,
				D7E149DB247DC0B200824549 /* Info.plist */,
				D74E68CC247F60D5002C00E1 /* BullsEye.html */,
			);
			path = BullsEye;
			sourceTree = "<group>";
		};
/* End PBXGroup section */

/* Begin PBXNativeTarget section */
		D7E149C9247DC0AA00824549 /* BullsEye */ = {
			isa = PBXNativeTarget;
			buildConfigurationList = D7E149DE247DC0B200824549 /* Build configuration list for PBXNativeTarget "BullsEye" */;
			buildPhases = (
				D7E149C6247DC0AA00824549 /* Sources */,
				D7E149C7247DC0AA00824549 /* Frameworks */,
				D7E149C8247DC0AA00824549 /* Resources */,
			);
			buildRules = (
			);
			dependencies = (
			);
			name = BullsEye;
			productName = BullsEye;
			productReference = D7E149CA247DC0AA00824549 /* Bull's Eye.app */;
			productType = "com.apple.product-type.application";
		};
/* End PBXNativeTarget section */

/* Begin PBXProject section */
		D7E149C2247DC0AA00824549 /* Project object */ = {
			isa = PBXProject;
			attributes = {
				LastSwiftUpdateCheck = 1150;
				LastUpgradeCheck = 1150;
				ORGANIZATIONNAME = cyndichin;
				TargetAttributes = {
					D7E149C9247DC0AA00824549 = {
						CreatedOnToolsVersion = 11.5;
					};
				};
			};
			buildConfigurationList = D7E149C5247DC0AA00824549 /* Build configuration list for PBXProject "BullsEye" */;
			compatibilityVersion = "Xcode 9.3";
			developmentRegion = en;
			hasScannedForEncodings = 0;
			knownRegions = (
				en,
				Base,
			);
			mainGroup = D7E149C1247DC0AA00824549;
			productRefGroup = D7E149CB247DC0AA00824549 /* Products */;
			projectDirPath = "";
			projectRoot = "";
			targets = (
				D7E149C9247DC0AA00824549 /* BullsEye */,
			);
		};
/* End PBXProject section */

/* Begin PBXResourcesBuildPhase section */
		D7E149C8247DC0AA00824549 /* Resources */ = {
			isa = PBXResourcesBuildPhase;
			buildActionMask = 2147483647;
			files = (
				D7E149DA247DC0B200824549 /* LaunchScreen.storyboard in Resources */,
				D74E68CD247F60D5002C00E1 /* BullsEye.html in Resources */,
				D7E149D7247DC0B200824549 /* Assets.xcassets in Resources */,
				D7E149D5247DC0AA00824549 /* Main.storyboard in Resources */,
			);
			runOnlyForDeploymentPostprocessing = 0;
		};
/* End PBXResourcesBuildPhase section */

/* Begin PBXSourcesBuildPhase section */
		D7E149C6247DC0AA00824549 /* Sources */ = {
			isa = PBXSourcesBuildPhase;
			buildActionMask = 2147483647;
			files = (
				D7E149D2247DC0AA00824549 /* ViewController.swift in Sources */,
				D7E149CE247DC0AA00824549 /* AppDelegate.swift in Sources */,
				D7E149E2247F502100824549 /* AboutViewController.swift in Sources */,
				D7E149D0247DC0AA00824549 /* SceneDelegate.swift in Sources */,
				D7E149E4247F513100824549 /* AboutAuthorViewController.swift in Sources */,
			);
			runOnlyForDeploymentPostprocessing = 0;
		};
/* End PBXSourcesBuildPhase section */

/* Begin PBXVariantGroup section */
		D7E149D3247DC0AA00824549 /* Main.storyboard */ = {
			isa = PBXVariantGroup;
			children = (
				D7E149D4247DC0AA00824549 /* Base */,
			);
			name = Main.storyboard;
			sourceTree = "<group>";
		};
		D7E149D8247DC0B200824549 /* LaunchScreen.storyboard */ = {
			isa = PBXVariantGroup;
			children = (
				D7E149D9247DC0B200824549 /* Base */,
			);
			name = LaunchScreen.storyboard;
			sourceTree = "<group>";
		};
/* End PBXVariantGroup section */

/* Begin XCBuildConfiguration section */
		D7E149DC247DC0B200824549 /* Debug */ = {
			isa = XCBuildConfiguration;
			buildSettings = {
				ALWAYS_SEARCH_USER_PATHS = NO;
				CLANG_ANALYZER_NONNULL = YES;
				CLANG_ANALYZER_NUMBER_OBJECT_CONVERSION = YES_AGGRESSIVE;
				CLANG_CXX_LANGUAGE_STANDARD = "gnu++14";
				CLANG_CXX_LIBRARY = "libc++";
				CLANG_ENABLE_MODULES = YES;
				CLANG_ENABLE_OBJC_ARC = YES;
				CLANG_ENABLE_OBJC_WEAK = YES;
				CLANG_WARN_BLOCK_CAPTURE_AUTORELEASING = YES;
				CLANG_WARN_BOOL_CONVERSION = YES;
				CLANG_WARN_COMMA = YES;
				CLANG_WARN_CONSTANT_CONVERSION = YES;
				CLANG_WARN_DEPRECATED_OBJC_IMPLEMENTATIONS = YES;
				CLANG_WARN_DIRECT_OBJC_ISA_USAGE = YES_ERROR;
				CLANG_WARN_DOCUMENTATION_COMMENTS = YES;
				CLANG_WARN_EMPTY_BODY = YES;
				CLANG_WARN_ENUM_CONVERSION = YES;
				CLANG_WARN_INFINITE_RECURSION = YES;
				CLANG_WARN_INT_CONVERSION = YES;
				CLANG_WARN_NON_LITERAL_NULL_CONVERSION = YES;
				CLANG_WARN_OBJC_IMPLICIT_RETAIN_SELF = YES;
				CLANG_WARN_OBJC_LITERAL_CONVERSION = YES;
				CLANG_WARN_OBJC_ROOT_CLASS = YES_ERROR;
				CLANG_WARN_RANGE_LOOP_ANALYSIS = YES;
				CLANG_WARN_STRICT_PROTOTYPES = YES;
				CLANG_WARN_SUSPICIOUS_MOVE = YES;
				CLANG_WARN_UNGUARDED_AVAILABILITY = YES_AGGRESSIVE;
				CLANG_WARN_UNREACHABLE_CODE = YES;
				CLANG_WARN__DUPLICATE_METHOD_MATCH = YES;
				COPY_PHASE_STRIP = NO;
				DEBUG_INFORMATION_FORMAT = dwarf;
				ENABLE_STRICT_OBJC_MSGSEND = YES;
				ENABLE_TESTABILITY = YES;
				GCC_C_LANGUAGE_STANDARD = gnu11;
				GCC_DYNAMIC_NO_PIC = NO;
				GCC_NO_COMMON_BLOCKS = YES;
				GCC_OPTIMIZATION_LEVEL = 0;
				GCC_PREPROCESSOR_DEFINITIONS = (
					"DEBUG=1",
					"$(inherited)",
				);
				GCC_WARN_64_TO_32_BIT_CONVERSION = YES;
				GCC_WARN_ABOUT_RETURN_TYPE = YES_ERROR;
				GCC_WARN_UNDECLARED_SELECTOR = YES;
				GCC_WARN_UNINITIALIZED_AUTOS = YES_AGGRESSIVE;
				GCC_WARN_UNUSED_FUNCTION = YES;
				GCC_WARN_UNUSED_VARIABLE = YES;
				IPHONEOS_DEPLOYMENT_TARGET = 13.5;
				MTL_ENABLE_DEBUG_INFO = INCLUDE_SOURCE;
				MTL_FAST_MATH = YES;
				ONLY_ACTIVE_ARCH = YES;
				SDKROOT = iphoneos;
				SWIFT_ACTIVE_COMPILATION_CONDITIONS = DEBUG;
				SWIFT_OPTIMIZATION_LEVEL = "-Onone";
			};
			name = Debug;
		};
		D7E149DD247DC0B200824549 /* Release */ = {
			isa = XCBuildConfiguration;
			buildSettings = {
				ALWAYS_SEARCH_USER_PATHS = NO;
				CLANG_ANALYZER_NONNULL = YES;
				CLANG_ANALYZER_NUMBER_OBJECT_CONVERSION = YES_AGGRESSIVE;
				CLANG_CXX_LANGUAGE_STANDARD = "gnu++14";
				CLANG_CXX_LIBRARY = "libc++";
				CLANG_ENABLE_MODULES = YES;
				CLANG_ENABLE_OBJC_ARC = YES;
				CLANG_ENABLE_OBJC_WEAK = YES;
				CLANG_WARN_BLOCK_CAPTURE_AUTORELEASING = YES;
				CLANG_WARN_BOOL_CONVERSION = YES;
				CLANG_WARN_COMMA = YES;
				CLANG_WARN_CONSTANT_CONVERSION = YES;
				CLANG_WARN_DEPRECATED_OBJC_IMPLEMENTATIONS = YES;
				CLANG_WARN_DIRECT_OBJC_ISA_USAGE = YES_ERROR;
				CLANG_WARN_DOCUMENTATION_COMMENTS = YES;
				CLANG_WARN_EMPTY_BODY = YES;
				CLANG_WARN_ENUM_CONVERSION = YES;
				CLANG_WARN_INFINITE_RECURSION = YES;
				CLANG_WARN_INT_CONVERSION = YES;
				CLANG_WARN_NON_LITERAL_NULL_CONVERSION = YES;
				CLANG_WARN_OBJC_IMPLICIT_RETAIN_SELF = YES;
				CLANG_WARN_OBJC_LITERAL_CONVERSION = YES;
				CLANG_WARN_OBJC_ROOT_CLASS = YES_ERROR;
				CLANG_WARN_RANGE_LOOP_ANALYSIS = YES;
				CLANG_WARN_STRICT_PROTOTYPES = YES;
				CLANG_WARN_SUSPICIOUS_MOVE = YES;
				CLANG_WARN_UNGUARDED_AVAILABILITY = YES_AGGRESSIVE;
				CLANG_WARN_UNREACHABLE_CODE = YES;
				CLANG_WARN__DUPLICATE_METHOD_MATCH = YES;
				COPY_PHASE_STRIP = NO;
				DEBUG_INFORMATION_FORMAT = "dwarf-with-dsym";
				ENABLE_NS_ASSERTIONS = NO;
				ENABLE_STRICT_OBJC_MSGSEND = YES;
				GCC_C_LANGUAGE_STANDARD = gnu11;
				GCC_NO_COMMON_BLOCKS = YES;
				GCC_WARN_64_TO_32_BIT_CONVERSION = YES;
				GCC_WARN_ABOUT_RETURN_TYPE = YES_ERROR;
				GCC_WARN_UNDECLARED_SELECTOR = YES;
				GCC_WARN_UNINITIALIZED_AUTOS = YES_AGGRESSIVE;
				GCC_WARN_UNUSED_FUNCTION = YES;
				GCC_WARN_UNUSED_VARIABLE = YES;
				IPHONEOS_DEPLOYMENT_TARGET = 13.5;
				MTL_ENABLE_DEBUG_INFO = NO;
				MTL_FAST_MATH = YES;
				SDKROOT = iphoneos;
				SWIFT_COMPILATION_MODE = wholemodule;
				SWIFT_OPTIMIZATION_LEVEL = "-O";
				VALIDATE_PRODUCT = YES;
			};
			name = Release;
		};
		D7E149DF247DC0B200824549 /* Debug */ = {
			isa = XCBuildConfiguration;
			buildSettings = {
				ASSETCATALOG_COMPILER_APPICON_NAME = AppIcon;
				CODE_SIGN_STYLE = Automatic;
				DEVELOPMENT_TEAM = SVBG9WTA7B;
				INFOPLIST_FILE = BullsEye/Info.plist;
				IPHONEOS_DEPLOYMENT_TARGET = 13.4;
				LD_RUNPATH_SEARCH_PATHS = (
					"$(inherited)",
					"@executable_path/Frameworks",
				);
				PRODUCT_BUNDLE_IDENTIFIER = com.cyndichin.BullsEye;
				PRODUCT_NAME = "Bull's Eye";
				SWIFT_VERSION = 5.0;
				TARGETED_DEVICE_FAMILY = "1,2";
			};
			name = Debug;
		};
		D7E149E0247DC0B200824549 /* Release */ = {
			isa = XCBuildConfiguration;
			buildSettings = {
				ASSETCATALOG_COMPILER_APPICON_NAME = AppIcon;
				CODE_SIGN_STYLE = Automatic;
				DEVELOPMENT_TEAM = SVBG9WTA7B;
				INFOPLIST_FILE = BullsEye/Info.plist;
				IPHONEOS_DEPLOYMENT_TARGET = 13.4;
				LD_RUNPATH_SEARCH_PATHS = (
					"$(inherited)",
					"@executable_path/Frameworks",
				);
				PRODUCT_BUNDLE_IDENTIFIER = com.cyndichin.BullsEye;
				PRODUCT_NAME = "Bull's Eye";
				SWIFT_VERSION = 5.0;
				TARGETED_DEVICE_FAMILY = "1,2";
			};
			name = Release;
		};
/* End XCBuildConfiguration section */

/* Begin XCConfigurationList section */
		D7E149C5247DC0AA00824549 /* Build configuration list for PBXProject "BullsEye" */ = {
			isa = XCConfigurationList;
			buildConfigurations = (
				D7E149DC247DC0B200824549 /* Debug */,
				D7E149DD247DC0B200824549 /* Release */,
			);
			defaultConfigurationIsVisible = 0;
			defaultConfigurationName = Release;
		};
		D7E149DE247DC0B200824549 /* Build configuration list for PBXNativeTarget "BullsEye" */ = {
			isa = XCConfigurationList;
			buildConfigurations = (
				D7E149DF247DC0B200824549 /* Debug */,
				D7E149E0247DC0B200824549 /* Release */,
			);
			defaultConfigurationIsVisible = 0;
			defaultConfigurationName = Release;
		};
/* End XCConfigurationList section */
	};
	rootObject = D7E149C2247DC0AA00824549 /* Project object */;
}
